{
  "name": "emergence",
  "version": "1.0.0",
  "lockfileVersion": 1,
  "requires": true,
  "dependencies": {
    "emergence.js": {
      "version": "1.1.2",
      "resolved": "https://registry.npmjs.org/emergence.js/-/emergence.js-1.1.2.tgz",
      "integrity": "sha512-NbmHXQTRZxhlhVxyDHq7zCNmsd+CQfsu5bHtt7MWvIDUTH2TwoUIzzwtkhqMhHamvBE4SYRvu8EHXvD7l6XuPw=="
    }
  }
}
